
Microsoft Visual Studio Solution File, Format Version 12.00
# Visual Studio Version 17
VisualStudioVersion = 17.2.32616.157
MinimumVisualStudioVersion = 10.0.40219.1
Project("{9A19103F-16F7-4668-BE54-9A1E7A4F7556}") = "SalesApplication", "SalesApplication\SalesApplication.csproj", "{C2F402EA-C0F6-4A62-BF0B-902D8321A444}"
EndProject
Project("{FAE04EC0-301F-11D3-BF4B-00C04F79EFBC}") = "TestSales", "TestSales\TestSales.csproj", "{B86D2436-B765-43AE-BC97-0153529E8A5A}"
EndProject
Global
	GlobalSection(SolutionConfigurationPlatforms) = preSolution
		Debug|Any CPU = Debug|Any CPU
		Release|Any CPU = Release|Any CPU
	EndGlobalSection
	GlobalSection(ProjectConfigurationPlatforms) = postSolution
		{C2F402EA-C0F6-4A62-BF0B-902D8321A444}.Debug|Any CPU.ActiveCfg = Debug|Any CPU
		{C2F402EA-C0F6-4A62-BF0B-902D8321A444}.Debug|Any CPU.Build.0 = Debug|Any CPU
		{C2F402EA-C0F6-4A62-BF0B-902D8321A444}.Release|Any CPU.ActiveCfg = Release|Any CPU
		{C2F402EA-C0F6-4A62-BF0B-902D8321A444}.Release|Any CPU.Build.0 = Release|Any CPU
		{B86D2436-B765-43AE-BC97-0153529E8A5A}.Debug|Any CPU.ActiveCfg = Debug|Any CPU
		{B86D2436-B765-43AE-BC97-0153529E8A5A}.Debug|Any CPU.Build.0 = Debug|Any CPU
		{B86D2436-B765-43AE-BC97-0153529E8A5A}.Release|Any CPU.ActiveCfg = Release|Any CPU
		{B86D2436-B765-43AE-BC97-0153529E8A5A}.Release|Any CPU.Build.0 = Release|Any CPU
	EndGlobalSection
	GlobalSection(SolutionProperties) = preSolution
		HideSolutionNode = FALSE
	EndGlobalSection
	GlobalSection(ExtensibilityGlobals) = postSolution
		SolutionGuid = {BD2B2D2C-60FB-4B72-AA6D-53CAB6FBC578}
	EndGlobalSection
EndGlobal
